
Microsoft Visual Studio Solution File, Format Version 12.00
# Visual Studio Version 16
VisualStudioVersion = 16.0.31402.337
MinimumVisualStudioVersion = 10.0.40219.1
Project("{2150E333-8FDC-42A3-9474-1A3956D46DE8}") = "0-AppService", "0-AppService", "{4EF96B0F-083A-49D6-80F1-143A52B8C63D}"
EndProject
Project("{2150E333-8FDC-42A3-9474-1A3956D46DE8}") = "1-Application", "1-Application", "{23680B9A-923F-4B99-BC52-4EE39EFA455F}"
EndProject
Project("{2150E333-8FDC-42A3-9474-1A3956D46DE8}") = "2-Domain", "2-Domain", "{0530044C-915D-4BA3-9FC6-ACFA9B0D35D2}"
EndProject
Project("{2150E333-8FDC-42A3-9474-1A3956D46DE8}") = "3-Infra", "3-Infra", "{54560540-CAA6-426B-90AE-31B9C839920D}"
EndProject
Project("{2150E333-8FDC-42A3-9474-1A3956D46DE8}") = "4-Test", "4-Test", "{4EBA8BF0-5BFF-475D-90C9-2589B6AB9A6B}"
EndProject
Project("{2150E333-8FDC-42A3-9474-1A3956D46DE8}") = "3.1-CrossCutting", "3.1-CrossCutting", "{6F6F6E05-6113-4C40-860E-536FA18536E1}"
EndProject
Project("{2150E333-8FDC-42A3-9474-1A3956D46DE8}") = "3.2-Data", "3.2-Data", "{D26A54A7-D141-48AE-ADB9-55E54FC01091}"
EndProject
Project("{9A19103F-16F7-4668-BE54-9A1E7A4F7556}") = "Avanade.SubTCSE.Projeto.Application", "Avanade.SubTCSE.Projeto.Application\Avanade.SubTCSE.Projeto.Application.csproj", "{5C20C556-D502-41A4-A177-1FEEE86D1E6B}"
EndProject
Project("{9A19103F-16F7-4668-BE54-9A1E7A4F7556}") = "Avanade.SubTCSE.Projeto.Domain", "Avanade.SubTCSE.Projeto.Domain\Avanade.SubTCSE.Projeto.Domain.csproj", "{07BFA655-E028-41A3-A32F-FC3059485D50}"
EndProject
Project("{9A19103F-16F7-4668-BE54-9A1E7A4F7556}") = "Avanade.SubTCSE.Projeto.CrossCutting", "Avanade.SubTCSE.Projeto.CrossCutting\Avanade.SubTCSE.Projeto.CrossCutting.csproj", "{0D710AA0-B94D-4E4E-8A4F-7BDB69078679}"
EndProject
Project("{9A19103F-16F7-4668-BE54-9A1E7A4F7556}") = "Avanade.SubTCSE.Data", "Avanade.SubTCSE.Data\Avanade.SubTCSE.Data.csproj", "{9BD9A77B-C95F-47B7-BB08-CF77562262AD}"
EndProject
Project("{2150E333-8FDC-42A3-9474-1A3956D46DE8}") = "Solution Items", "Solution Items", "{E2255E58-CF03-44A3-B6F3-00BE378FB55B}"
	ProjectSection(SolutionItems) = preProject
		.editorconfig = .editorconfig
	EndProjectSection
EndProject
Project("{FAE04EC0-301F-11D3-BF4B-00C04F79EFBC}") = "Avanade.SubTCSE.Projeto.Api", "Avanade.SubTCSE.Projeto.Api\Avanade.SubTCSE.Projeto.Api.csproj", "{555A085E-E169-45DA-A84D-A57CA2BD35CF}"
EndProject
Global
	GlobalSection(SolutionConfigurationPlatforms) = preSolution
		Debug|Any CPU = Debug|Any CPU
		Release|Any CPU = Release|Any CPU
	EndGlobalSection
	GlobalSection(ProjectConfigurationPlatforms) = postSolution
		{5C20C556-D502-41A4-A177-1FEEE86D1E6B}.Debug|Any CPU.ActiveCfg = Debug|Any CPU
		{5C20C556-D502-41A4-A177-1FEEE86D1E6B}.Debug|Any CPU.Build.0 = Debug|Any CPU
		{5C20C556-D502-41A4-A177-1FEEE86D1E6B}.Release|Any CPU.ActiveCfg = Release|Any CPU
		{5C20C556-D502-41A4-A177-1FEEE86D1E6B}.Release|Any CPU.Build.0 = Release|Any CPU
		{07BFA655-E028-41A3-A32F-FC3059485D50}.Debug|Any CPU.ActiveCfg = Debug|Any CPU
		{07BFA655-E028-41A3-A32F-FC3059485D50}.Debug|Any CPU.Build.0 = Debug|Any CPU
		{07BFA655-E028-41A3-A32F-FC3059485D50}.Release|Any CPU.ActiveCfg = Release|Any CPU
		{07BFA655-E028-41A3-A32F-FC3059485D50}.Release|Any CPU.Build.0 = Release|Any CPU
		{0D710AA0-B94D-4E4E-8A4F-7BDB69078679}.Debug|Any CPU.ActiveCfg = Debug|Any CPU
		{0D710AA0-B94D-4E4E-8A4F-7BDB69078679}.Debug|Any CPU.Build.0 = Debug|Any CPU
		{0D710AA0-B94D-4E4E-8A4F-7BDB69078679}.Release|Any CPU.ActiveCfg = Release|Any CPU
		{0D710AA0-B94D-4E4E-8A4F-7BDB69078679}.Release|Any CPU.Build.0 = Release|Any CPU
		{9BD9A77B-C95F-47B7-BB08-CF77562262AD}.Debug|Any CPU.ActiveCfg = Debug|Any CPU
		{9BD9A77B-C95F-47B7-BB08-CF77562262AD}.Debug|Any CPU.Build.0 = Debug|Any CPU
		{9BD9A77B-C95F-47B7-BB08-CF77562262AD}.Release|Any CPU.ActiveCfg = Release|Any CPU
		{9BD9A77B-C95F-47B7-BB08-CF77562262AD}.Release|Any CPU.Build.0 = Release|Any CPU
		{555A085E-E169-45DA-A84D-A57CA2BD35CF}.Debug|Any CPU.ActiveCfg = Debug|Any CPU
		{555A085E-E169-45DA-A84D-A57CA2BD35CF}.Debug|Any CPU.Build.0 = Debug|Any CPU
		{555A085E-E169-45DA-A84D-A57CA2BD35CF}.Release|Any CPU.ActiveCfg = Release|Any CPU
		{555A085E-E169-45DA-A84D-A57CA2BD35CF}.Release|Any CPU.Build.0 = Release|Any CPU
	EndGlobalSection
	GlobalSection(SolutionProperties) = preSolution
		HideSolutionNode = FALSE
	EndGlobalSection
	GlobalSection(NestedProjects) = preSolution
		{6F6F6E05-6113-4C40-860E-536FA18536E1} = {54560540-CAA6-426B-90AE-31B9C839920D}
		{D26A54A7-D141-48AE-ADB9-55E54FC01091} = {54560540-CAA6-426B-90AE-31B9C839920D}
		{5C20C556-D502-41A4-A177-1FEEE86D1E6B} = {23680B9A-923F-4B99-BC52-4EE39EFA455F}
		{07BFA655-E028-41A3-A32F-FC3059485D50} = {0530044C-915D-4BA3-9FC6-ACFA9B0D35D2}
		{0D710AA0-B94D-4E4E-8A4F-7BDB69078679} = {6F6F6E05-6113-4C40-860E-536FA18536E1}
		{9BD9A77B-C95F-47B7-BB08-CF77562262AD} = {D26A54A7-D141-48AE-ADB9-55E54FC01091}
		{555A085E-E169-45DA-A84D-A57CA2BD35CF} = {4EF96B0F-083A-49D6-80F1-143A52B8C63D}
	EndGlobalSection
	GlobalSection(ExtensibilityGlobals) = postSolution
		SolutionGuid = {56E4C917-49D8-4790-BE96-835B35FAAAF1}
	EndGlobalSection
EndGlobal
